<?xml version="1.0" encoding="UTF-8"?>
<CONFIG>
  <ProjectOptions>
    <Version Value="12"/>
    <PathDelim Value="\"/>
    <General>
      <Flags>
        <SaveOnlyProjectUnits Value="True"/>
      </Flags>
      <SessionStorage Value="InProjectDir"/>
      <Title Value="Paleo Editor"/>
      <Scaled Value="True"/>
      <ResourceType Value="res"/>
      <UseXPManifest Value="True"/>
      <XPManifest>
        <DpiAware Value="True"/>
        <TextName Value="Paleo Editor"/>
        <TextDesc Value="Source Code Editor for RomWBW"/>
      </XPManifest>
      <Icon Value="0"/>
    </General>
    <VersionInfo>
      <UseVersionInfo Value="True"/>
      <MinorVersionNr Value="1"/>
      <Attributes pvaPreRelease="True"/>
      <StringTable Comments="Developed in Lazarus 2.2.2 with FPC 3.2.2" CompanyName="https://homebrew.computer" FileDescription="Paleo Editor for RomWBW Development" InternalName="PaleoEditor.exe" LegalCopyright="Copyright ©2022 Steve García" LegalTrademarks="Licensed by GNU GPL V3" ProductName="Paleo Editor" ProductVersion="0.1.0 Pre-Release"/>
    </VersionInfo>
    <BuildModes>
      <Item Name="Default" Default="True"/>
      <Item Name="Debug">
        <CompilerOptions>
          <Version Value="11"/>
          <PathDelim Value="\"/>
          <Target>
            <Filename Value="Paleo"/>
          </Target>
          <SearchPaths>
            <IncludeFiles Value="$(ProjOutDir)"/>
            <UnitOutputDirectory Value="lib\$(TargetCPU)-$(TargetOS)"/>
          </SearchPaths>
          <Parsing>
            <SyntaxOptions>
              <SyntaxMode Value="Delphi"/>
              <IncludeAssertionCode Value="True"/>
            </SyntaxOptions>
          </Parsing>
          <CodeGeneration>
            <Checks>
              <IOChecks Value="True"/>
              <RangeChecks Value="True"/>
              <OverflowChecks Value="True"/>
              <StackChecks Value="True"/>
            </Checks>
            <VerifyObjMethodCallValidity Value="True"/>
          </CodeGeneration>
          <Linking>
            <Debugging>
              <DebugInfoType Value="dsDwarf3"/>
              <UseHeaptrc Value="True"/>
              <TrashVariables Value="True"/>
              <UseExternalDbgSyms Value="True"/>
            </Debugging>
            <Options>
              <Win32>
                <GraphicApplication Value="True"/>
              </Win32>
            </Options>
          </Linking>
        </CompilerOptions>
      </Item>
      <Item Name="Release 32">
        <CompilerOptions>
          <Version Value="11"/>
          <PathDelim Value="\"/>
          <Target>
            <Filename Value="..\bin\PaleoEditor32"/>
          </Target>
          <SearchPaths>
            <IncludeFiles Value="$(ProjOutDir)"/>
            <UnitOutputDirectory Value="lib\$(TargetCPU)-$(TargetOS)"/>
          </SearchPaths>
          <Parsing>
            <SyntaxOptions>
              <SyntaxMode Value="Delphi"/>
            </SyntaxOptions>
          </Parsing>
          <CodeGeneration>
            <SmartLinkUnit Value="True"/>
            <TargetCPU Value="i386"/>
            <TargetOS Value="win32"/>
            <Optimizations>
              <OptimizationLevel Value="3"/>
            </Optimizations>
          </CodeGeneration>
          <Linking>
            <Debugging>
              <GenerateDebugInfo Value="False"/>
            </Debugging>
            <LinkSmart Value="True"/>
            <Options>
              <Win32>
                <GraphicApplication Value="True"/>
              </Win32>
            </Options>
          </Linking>
        </CompilerOptions>
      </Item>
      <Item Name="Release 64">
        <CompilerOptions>
          <Version Value="11"/>
          <PathDelim Value="\"/>
          <Target>
            <Filename Value="..\bin\PaleoEditor64"/>
          </Target>
          <SearchPaths>
            <IncludeFiles Value="$(ProjOutDir)"/>
            <UnitOutputDirectory Value="lib\$(TargetCPU)-$(TargetOS)"/>
          </SearchPaths>
          <Parsing>
            <SyntaxOptions>
              <SyntaxMode Value="Delphi"/>
            </SyntaxOptions>
          </Parsing>
          <CodeGeneration>
            <SmartLinkUnit Value="True"/>
            <Optimizations>
              <OptimizationLevel Value="3"/>
            </Optimizations>
          </CodeGeneration>
          <Linking>
            <Debugging>
              <GenerateDebugInfo Value="False"/>
            </Debugging>
            <LinkSmart Value="True"/>
            <Options>
              <Win32>
                <GraphicApplication Value="True"/>
              </Win32>
            </Options>
          </Linking>
        </CompilerOptions>
      </Item>
    </BuildModes>
    <PublishOptions>
      <Version Value="2"/>
      <UseFileFilters Value="True"/>
    </PublishOptions>
    <RunParams>
      <FormatVersion Value="2"/>
    </RunParams>
    <RequiredPackages>
      <Item>
        <PackageName Value="LazControls"/>
      </Item>
      <Item>
        <PackageName Value="Printer4Lazarus"/>
      </Item>
      <Item>
        <PackageName Value="mphexeditorlaz"/>
      </Item>
      <Item>
        <PackageName Value="SynEdit"/>
      </Item>
      <Item>
        <PackageName Value="LCL"/>
      </Item>
    </RequiredPackages>
    <Units>
      <Unit>
        <Filename Value="Paleo.lpr"/>
        <IsPartOfProject Value="True"/>
      </Unit>
      <Unit>
        <Filename Value="Main.pas"/>
        <IsPartOfProject Value="True"/>
        <ComponentName Value="MainForm"/>
        <HasResources Value="True"/>
        <ResourceBaseClass Value="Form"/>
      </Unit>
      <Unit>
        <Filename Value="Configs.pas"/>
        <IsPartOfProject Value="True"/>
        <ComponentName Value="ConfigForm"/>
        <HasResources Value="True"/>
        <ResourceBaseClass Value="Form"/>
      </Unit>
      <Unit>
        <Filename Value="CustomWorks.pas"/>
        <IsPartOfProject Value="True"/>
        <ComponentName Value="CustomWorkForm"/>
        <HasResources Value="True"/>
        <ResourceBaseClass Value="Form"/>
      </Unit>
      <Unit>
        <Filename Value="Searches.pas"/>
        <IsPartOfProject Value="True"/>
        <ComponentName Value="SearchFrame"/>
        <HasResources Value="True"/>
        <ResourceBaseClass Value="Frame"/>
      </Unit>
      <Unit>
        <Filename Value="CustomEditors.pas"/>
        <IsPartOfProject Value="True"/>
        <ComponentName Value="CustomEditorFrame"/>
        <HasResources Value="True"/>
        <ResourceBaseClass Value="Frame"/>
      </Unit>
      <Unit>
        <Filename Value="Utils.pas"/>
        <IsPartOfProject Value="True"/>
      </Unit>
      <Unit>
        <Filename Value="SynHighlighterSpin.pas"/>
        <IsPartOfProject Value="True"/>
      </Unit>
      <Unit>
        <Filename Value="SynHighlighterZ80.pas"/>
        <IsPartOfProject Value="True"/>
      </Unit>
      <Unit>
        <Filename Value="SyntaxEditors.pas"/>
        <IsPartOfProject Value="True"/>
        <ComponentName Value="SyntaxEditorFrame"/>
        <HasResources Value="True"/>
        <ResourceBaseClass Value="Frame"/>
      </Unit>
      <Unit>
        <Filename Value="Executions.pas"/>
        <IsPartOfProject Value="True"/>
        <ComponentName Value="ExecutionForm"/>
        <HasResources Value="True"/>
        <ResourceBaseClass Value="Form"/>
      </Unit>
      <Unit>
        <Filename Value="HexEditors.pas"/>
        <IsPartOfProject Value="True"/>
        <ComponentName Value="HexEditorFrame"/>
        <HasResources Value="True"/>
        <ResourceBaseClass Value="Frame"/>
      </Unit>
      <Unit>
        <Filename Value="Actions.pas"/>
        <IsPartOfProject Value="True"/>
      </Unit>
      <Unit>
        <Filename Value="Abouts.pas"/>
        <IsPartOfProject Value="True"/>
        <ComponentName Value="AboutForm"/>
        <HasResources Value="True"/>
        <ResourceBaseClass Value="Form"/>
      </Unit>
      <Unit>
        <Filename Value="FileMasks.pas"/>
        <IsPartOfProject Value="True"/>
        <ComponentName Value="EditFileMaskForm"/>
        <HasResources Value="True"/>
        <ResourceBaseClass Value="Form"/>
      </Unit>
      <Unit>
        <Filename Value="FolderWorks.pas"/>
        <IsPartOfProject Value="True"/>
        <ComponentName Value="FolderWorkForm"/>
        <HasResources Value="True"/>
        <ResourceBaseClass Value="Form"/>
      </Unit>
      <Unit>
        <Filename Value="ProjectWorks.pas"/>
        <IsPartOfProject Value="True"/>
        <ComponentName Value="ProjectWorkForm"/>
        <HasResources Value="True"/>
        <ResourceBaseClass Value="Form"/>
      </Unit>
      <Unit>
        <Filename Value="NewFiles.pas"/>
        <IsPartOfProject Value="True"/>
        <ComponentName Value="NewFileForm"/>
        <HasResources Value="True"/>
        <ResourceBaseClass Value="Form"/>
      </Unit>
      <Unit>
        <Filename Value="CustomConfigFrames.pas"/>
        <IsPartOfProject Value="True"/>
        <ComponentName Value="CustomConfigFrame"/>
        <HasResources Value="True"/>
        <ResourceBaseClass Value="Frame"/>
      </Unit>
      <Unit>
        <Filename Value="ConfigUtils.pas"/>
        <IsPartOfProject Value="True"/>
      </Unit>
      <Unit>
        <Filename Value="NavigatorConfigs.pas"/>
        <IsPartOfProject Value="True"/>
        <ComponentName Value="NavigatorConfigFrame"/>
        <HasResources Value="True"/>
        <ResourceBaseClass Value="Frame"/>
      </Unit>
      <Unit>
        <Filename Value="ColorConfigs.pas"/>
        <IsPartOfProject Value="True"/>
        <ComponentName Value="ColorConfigFrame"/>
        <HasResources Value="True"/>
        <ResourceBaseClass Value="Frame"/>
      </Unit>
      <Unit>
        <Filename Value="DirMonitors.pas"/>
        <IsPartOfProject Value="True"/>
      </Unit>
    </Units>
  </ProjectOptions>
  <CompilerOptions>
    <Version Value="11"/>
    <PathDelim Value="\"/>
    <Target>
      <Filename Value="Paleo"/>
    </Target>
    <SearchPaths>
      <IncludeFiles Value="$(ProjOutDir)"/>
      <UnitOutputDirectory Value="lib\$(TargetCPU)-$(TargetOS)"/>
    </SearchPaths>
    <Parsing>
      <SyntaxOptions>
        <SyntaxMode Value="Delphi"/>
      </SyntaxOptions>
    </Parsing>
    <Linking>
      <Debugging>
        <DebugInfoType Value="dsDwarf3"/>
        <UseExternalDbgSyms Value="True"/>
      </Debugging>
      <Options>
        <Win32>
          <GraphicApplication Value="True"/>
        </Win32>
      </Options>
    </Linking>
  </CompilerOptions>
  <Debugging>
    <Exceptions>
      <Item>
        <Name Value="EAbort"/>
      </Item>
      <Item>
        <Name Value="ECodetoolError"/>
      </Item>
      <Item>
        <Name Value="EFOpenError"/>
      </Item>
    </Exceptions>
  </Debugging>
</CONFIG>
